
Microsoft Visual Studio Solution File, Format Version 12.00
# Visual Studio Version 17
VisualStudioVersion = 17.2.32505.173
MinimumVisualStudioVersion = 10.0.40219.1
Project("{FAE04EC0-301F-11D3-BF4B-00C04F79EFBC}") = "Challenge-Ej1", "Challenge-Ej1\Challenge-Ej1.csproj", "{E772A395-149C-42CC-B92C-7767200EE679}"
EndProject
Project("{FAE04EC0-301F-11D3-BF4B-00C04F79EFBC}") = "PP", "PP\PP.csproj", "{E5DB32A8-8E09-4502-9F01-A3B9EDDE78DA}"
EndProject
Global
	GlobalSection(SolutionConfigurationPlatforms) = preSolution
		Debug|Any CPU = Debug|Any CPU
		Release|Any CPU = Release|Any CPU
	EndGlobalSection
	GlobalSection(ProjectConfigurationPlatforms) = postSolution
		{E772A395-149C-42CC-B92C-7767200EE679}.Debug|Any CPU.ActiveCfg = Debug|Any CPU
		{E772A395-149C-42CC-B92C-7767200EE679}.Debug|Any CPU.Build.0 = Debug|Any CPU
		{E772A395-149C-42CC-B92C-7767200EE679}.Release|Any CPU.ActiveCfg = Release|Any CPU
		{E772A395-149C-42CC-B92C-7767200EE679}.Release|Any CPU.Build.0 = Release|Any CPU
		{E5DB32A8-8E09-4502-9F01-A3B9EDDE78DA}.Debug|Any CPU.ActiveCfg = Debug|Any CPU
		{E5DB32A8-8E09-4502-9F01-A3B9EDDE78DA}.Debug|Any CPU.Build.0 = Debug|Any CPU
		{E5DB32A8-8E09-4502-9F01-A3B9EDDE78DA}.Release|Any CPU.ActiveCfg = Release|Any CPU
		{E5DB32A8-8E09-4502-9F01-A3B9EDDE78DA}.Release|Any CPU.Build.0 = Release|Any CPU
	EndGlobalSection
	GlobalSection(SolutionProperties) = preSolution
		HideSolutionNode = FALSE
	EndGlobalSection
	GlobalSection(ExtensibilityGlobals) = postSolution
		SolutionGuid = {5DE35107-CF47-460E-AE2B-7FE9BB08534E}
	EndGlobalSection
EndGlobal
