
Microsoft Visual Studio Solution File, Format Version 12.00
# Visual Studio Version 17
VisualStudioVersion = 17.1.32421.90
MinimumVisualStudioVersion = 10.0.40219.1
Project("{9A19103F-16F7-4668-BE54-9A1E7A4F7556}") = "Challenge-Ej1", "Challenge-Ej1\Challenge-Ej1.csproj", "{27ADECCE-2895-4C7C-A45D-54C27359AD82}"
EndProject
Project("{9A19103F-16F7-4668-BE54-9A1E7A4F7556}") = "Challenge-Ej3", "Challenge-Ej3\Challenge-Ej3.csproj", "{F2DEB768-5CA4-4D8B-A55A-8C35CE4251C3}"
EndProject
Project("{9A19103F-16F7-4668-BE54-9A1E7A4F7556}") = "Challenge-Ej4", "Challenge-Ej4\Challenge-Ej4.csproj", "{05C74432-A27B-451E-A589-4A56167BF0A5}"
EndProject
Project("{9A19103F-16F7-4668-BE54-9A1E7A4F7556}") = "Challenge-Ej5", "Challenge-Ej5\Challenge-Ej5.csproj", "{DF28CEDF-F394-4716-B4F1-0A4953DB89D2}"
EndProject
Project("{FAE04EC0-301F-11D3-BF4B-00C04F79EFBC}") = "Challenge-Ej2", "Challenge-Ej2\Challenge-Ej2.csproj", "{37413D37-C5D2-48F7-92EC-CA2AC6862D99}"
EndProject
Global
	GlobalSection(SolutionConfigurationPlatforms) = preSolution
		Debug|Any CPU = Debug|Any CPU
		Release|Any CPU = Release|Any CPU
	EndGlobalSection
	GlobalSection(ProjectConfigurationPlatforms) = postSolution
		{27ADECCE-2895-4C7C-A45D-54C27359AD82}.Debug|Any CPU.ActiveCfg = Debug|Any CPU
		{27ADECCE-2895-4C7C-A45D-54C27359AD82}.Debug|Any CPU.Build.0 = Debug|Any CPU
		{27ADECCE-2895-4C7C-A45D-54C27359AD82}.Release|Any CPU.ActiveCfg = Release|Any CPU
		{27ADECCE-2895-4C7C-A45D-54C27359AD82}.Release|Any CPU.Build.0 = Release|Any CPU
		{F2DEB768-5CA4-4D8B-A55A-8C35CE4251C3}.Debug|Any CPU.ActiveCfg = Debug|Any CPU
		{F2DEB768-5CA4-4D8B-A55A-8C35CE4251C3}.Debug|Any CPU.Build.0 = Debug|Any CPU
		{F2DEB768-5CA4-4D8B-A55A-8C35CE4251C3}.Release|Any CPU.ActiveCfg = Release|Any CPU
		{F2DEB768-5CA4-4D8B-A55A-8C35CE4251C3}.Release|Any CPU.Build.0 = Release|Any CPU
		{05C74432-A27B-451E-A589-4A56167BF0A5}.Debug|Any CPU.ActiveCfg = Debug|Any CPU
		{05C74432-A27B-451E-A589-4A56167BF0A5}.Debug|Any CPU.Build.0 = Debug|Any CPU
		{05C74432-A27B-451E-A589-4A56167BF0A5}.Release|Any CPU.ActiveCfg = Release|Any CPU
		{05C74432-A27B-451E-A589-4A56167BF0A5}.Release|Any CPU.Build.0 = Release|Any CPU
		{DF28CEDF-F394-4716-B4F1-0A4953DB89D2}.Debug|Any CPU.ActiveCfg = Debug|Any CPU
		{DF28CEDF-F394-4716-B4F1-0A4953DB89D2}.Debug|Any CPU.Build.0 = Debug|Any CPU
		{DF28CEDF-F394-4716-B4F1-0A4953DB89D2}.Release|Any CPU.ActiveCfg = Release|Any CPU
		{DF28CEDF-F394-4716-B4F1-0A4953DB89D2}.Release|Any CPU.Build.0 = Release|Any CPU
		{37413D37-C5D2-48F7-92EC-CA2AC6862D99}.Debug|Any CPU.ActiveCfg = Debug|Any CPU
		{37413D37-C5D2-48F7-92EC-CA2AC6862D99}.Debug|Any CPU.Build.0 = Debug|Any CPU
		{37413D37-C5D2-48F7-92EC-CA2AC6862D99}.Release|Any CPU.ActiveCfg = Release|Any CPU
		{37413D37-C5D2-48F7-92EC-CA2AC6862D99}.Release|Any CPU.Build.0 = Release|Any CPU
	EndGlobalSection
	GlobalSection(SolutionProperties) = preSolution
		HideSolutionNode = FALSE
	EndGlobalSection
	GlobalSection(ExtensibilityGlobals) = postSolution
		SolutionGuid = {D19DD3C7-AA66-4A9D-996F-EA2DCD722D38}
	EndGlobalSection
EndGlobal
